
Microsoft Visual Studio Solution File, Format Version 12.00
# Visual Studio Version 16
VisualStudioVersion = 16.0.33801.447
MinimumVisualStudioVersion = 10.0.40219.1
Project("{FAE04EC0-301F-11D3-BF4B-00C04F79EFBC}") = "QuanLyThuVien", "QuanLyThuVien\QuanLyThuVien.csproj", "{E12BBD68-D877-4D7D-BC44-6BCA2753AD3A}"
EndProject
Global
	GlobalSection(SolutionConfigurationPlatforms) = preSolution
		Debug|Any CPU = Debug|Any CPU
		Release|Any CPU = Release|Any CPU
	EndGlobalSection
	GlobalSection(ProjectConfigurationPlatforms) = postSolution
		{E12BBD68-D877-4D7D-BC44-6BCA2753AD3A}.Debug|Any CPU.ActiveCfg = Debug|Any CPU
		{E12BBD68-D877-4D7D-BC44-6BCA2753AD3A}.Debug|Any CPU.Build.0 = Debug|Any CPU
		{E12BBD68-D877-4D7D-BC44-6BCA2753AD3A}.Release|Any CPU.ActiveCfg = Release|Any CPU
		{E12BBD68-D877-4D7D-BC44-6BCA2753AD3A}.Release|Any CPU.Build.0 = Release|Any CPU
	EndGlobalSection
	GlobalSection(SolutionProperties) = preSolution
		HideSolutionNode = FALSE
	EndGlobalSection
	GlobalSection(ExtensibilityGlobals) = postSolution
		SolutionGuid = {34E883FD-194A-4A5C-AC71-32E54810E07A}
	EndGlobalSection
EndGlobal
